
Microsoft Visual Studio Solution File, Format Version 12.00
# Visual Studio 2012
Project("{8BC9CEB8-8B4A-11D0-8D11-00A0C91BC942}") = "Homework01", "Homework01\Homework01.vcxproj", "{6ED3B7DB-8A11-42D5-B573-F469223A8AE7}"
EndProject
Project("{8BC9CEB8-8B4A-11D0-8D11-00A0C91BC942}") = "Lab00", "Lab00\Lab00.vcxproj", "{449528F8-01E6-4E9C-B108-D8F1C3F0FDBC}"
EndProject
Project("{8BC9CEB8-8B4A-11D0-8D11-00A0C91BC942}") = "Lab01", "Lab01\Lab01.vcxproj", "{7CD960FE-0560-4F39-9268-17C95629784A}"
EndProject
Project("{8BC9CEB8-8B4A-11D0-8D11-00A0C91BC942}") = "Lab02", "Lab02\Lab02.vcxproj", "{2F163B7B-FAED-41FC-BFBC-11A871BA14A5}"
EndProject
Project("{8BC9CEB8-8B4A-11D0-8D11-00A0C91BC942}") = "Homework02", "Homework02\Homework02.vcxproj", "{5B108A11-CB08-4721-BC30-D4D26021FB0D}"
EndProject
Project("{8BC9CEB8-8B4A-11D0-8D11-00A0C91BC942}") = "Template Files", "Template Files\Template Files.vcxproj", "{B259EF87-69B0-4D22-9F9B-552ED1C28658}"
EndProject
Project("{8BC9CEB8-8B4A-11D0-8D11-00A0C91BC942}") = "Homework03", "Homework03\Homework03.vcxproj", "{5BC0B087-8F3A-4737-8453-056FAAE2CF3E}"
EndProject
Project("{8BC9CEB8-8B4A-11D0-8D11-00A0C91BC942}") = "Lab03", "Lab03\Lab03.vcxproj", "{88DB5C8A-DF08-4CA5-8147-3BB2F9AC1B44}"
EndProject
Project("{8BC9CEB8-8B4A-11D0-8D11-00A0C91BC942}") = "Homework04", "Homework04\Homework04.vcxproj", "{7AB9E23C-71E7-4CED-A25D-E0900B198C80}"
EndProject
Project("{8BC9CEB8-8B4A-11D0-8D11-00A0C91BC942}") = "Homework05", "Homework05\Homework05.vcxproj", "{AF3A83DF-2A0D-4003-826C-CDDC160A4EDF}"
EndProject
Project("{8BC9CEB8-8B4A-11D0-8D11-00A0C91BC942}") = "Lab04", "Lab04\Lab04.vcxproj", "{CE65CF38-934A-4047-B1DF-D7C3F8B40720}"
EndProject
Project("{8BC9CEB8-8B4A-11D0-8D11-00A0C91BC942}") = "Lab05", "Lab05\Lab05.vcxproj", "{8B6E2148-8156-466B-8707-75801441D558}"
EndProject
Project("{8BC9CEB8-8B4A-11D0-8D11-00A0C91BC942}") = "Homework06", "Homework06\Homework06.vcxproj", "{892E4237-0F67-4CD4-A2BD-95DCE272AECD}"
EndProject
Project("{8BC9CEB8-8B4A-11D0-8D11-00A0C91BC942}") = "Lab06", "Lab06\Lab06.vcxproj", "{C175B4E4-4BED-4348-8D6F-96C6BADF6A1D}"
EndProject
Project("{8BC9CEB8-8B4A-11D0-8D11-00A0C91BC942}") = "Homework07", "Homework07\Homework07.vcxproj", "{72CE0567-149D-4FB2-8ABE-FD3A3F2C2163}"
EndProject
Project("{8BC9CEB8-8B4A-11D0-8D11-00A0C91BC942}") = "Homework08", "Homework08\Homework08.vcxproj", "{A30A450A-FF2C-40D9-B874-0BAB220177E2}"
EndProject
Project("{8BC9CEB8-8B4A-11D0-8D11-00A0C91BC942}") = "Useful Functions", "Useful Functions\Useful Functions.vcxproj", "{836C66B8-8F72-4820-9943-FF9BD31D7FBA}"
EndProject
Project("{8BC9CEB8-8B4A-11D0-8D11-00A0C91BC942}") = "Lab07", "Lab07\Lab07.vcxproj", "{A46026F2-9B19-460D-8CF4-9B06C2FF32BB}"
EndProject
Project("{8BC9CEB8-8B4A-11D0-8D11-00A0C91BC942}") = "Homework09", "Homework09\Homework09.vcxproj", "{2DE9E894-40F1-4F6D-8068-058441538EBF}"
EndProject
Project("{8BC9CEB8-8B4A-11D0-8D11-00A0C91BC942}") = "Homework10", "Homework10\Homework10.vcxproj", "{FF4C9A2A-D90A-4E55-9DEA-2E0F775E5C39}"
EndProject
Project("{8BC9CEB8-8B4A-11D0-8D11-00A0C91BC942}") = "Homework11", "Homework11\Homework11.vcxproj", "{F15F22E1-99AF-4C5C-A47F-E1D409FA8978}"
EndProject
Project("{8BC9CEB8-8B4A-11D0-8D11-00A0C91BC942}") = "Homework12", "Homework12\Homework12.vcxproj", "{CCA4D751-81BB-4415-B969-44890EEF10D1}"
EndProject
Project("{8BC9CEB8-8B4A-11D0-8D11-00A0C91BC942}") = "Lab08", "Lab08\Lab08.vcxproj", "{8A83D884-6B22-42CC-A1FA-0D6F550C2A73}"
EndProject
Project("{8BC9CEB8-8B4A-11D0-8D11-00A0C91BC942}") = "Lab09", "Lab09\Lab09.vcxproj", "{5D642C49-FE6A-4EDB-924F-F06E41AA2278}"
EndProject
Project("{8BC9CEB8-8B4A-11D0-8D11-00A0C91BC942}") = "Lab10", "Lab10\Lab10.vcxproj", "{AE4155D1-2F80-4A5F-B4DA-0840B6082D01}"
EndProject
Project("{8BC9CEB8-8B4A-11D0-8D11-00A0C91BC942}") = "Lab11", "Lab11\Lab11.vcxproj", "{77770211-6EF8-42D0-96EF-BDE36B283316}"
EndProject
Project("{8BC9CEB8-8B4A-11D0-8D11-00A0C91BC942}") = "Lab12", "Lab12\Lab12.vcxproj", "{59F793E8-F8FE-4153-930D-A9C123D3686B}"
EndProject
Global
	GlobalSection(SolutionConfigurationPlatforms) = preSolution
		Debug|Win32 = Debug|Win32
		Release|Win32 = Release|Win32
	EndGlobalSection
	GlobalSection(ProjectConfigurationPlatforms) = postSolution
		{6ED3B7DB-8A11-42D5-B573-F469223A8AE7}.Debug|Win32.ActiveCfg = Debug|Win32
		{6ED3B7DB-8A11-42D5-B573-F469223A8AE7}.Debug|Win32.Build.0 = Debug|Win32
		{6ED3B7DB-8A11-42D5-B573-F469223A8AE7}.Release|Win32.ActiveCfg = Release|Win32
		{6ED3B7DB-8A11-42D5-B573-F469223A8AE7}.Release|Win32.Build.0 = Release|Win32
		{449528F8-01E6-4E9C-B108-D8F1C3F0FDBC}.Debug|Win32.ActiveCfg = Debug|Win32
		{449528F8-01E6-4E9C-B108-D8F1C3F0FDBC}.Debug|Win32.Build.0 = Debug|Win32
		{449528F8-01E6-4E9C-B108-D8F1C3F0FDBC}.Release|Win32.ActiveCfg = Release|Win32
		{449528F8-01E6-4E9C-B108-D8F1C3F0FDBC}.Release|Win32.Build.0 = Release|Win32
		{7CD960FE-0560-4F39-9268-17C95629784A}.Debug|Win32.ActiveCfg = Debug|Win32
		{7CD960FE-0560-4F39-9268-17C95629784A}.Debug|Win32.Build.0 = Debug|Win32
		{7CD960FE-0560-4F39-9268-17C95629784A}.Release|Win32.ActiveCfg = Release|Win32
		{7CD960FE-0560-4F39-9268-17C95629784A}.Release|Win32.Build.0 = Release|Win32
		{2F163B7B-FAED-41FC-BFBC-11A871BA14A5}.Debug|Win32.ActiveCfg = Debug|Win32
		{2F163B7B-FAED-41FC-BFBC-11A871BA14A5}.Debug|Win32.Build.0 = Debug|Win32
		{2F163B7B-FAED-41FC-BFBC-11A871BA14A5}.Release|Win32.ActiveCfg = Release|Win32
		{2F163B7B-FAED-41FC-BFBC-11A871BA14A5}.Release|Win32.Build.0 = Release|Win32
		{5B108A11-CB08-4721-BC30-D4D26021FB0D}.Debug|Win32.ActiveCfg = Debug|Win32
		{5B108A11-CB08-4721-BC30-D4D26021FB0D}.Debug|Win32.Build.0 = Debug|Win32
		{5B108A11-CB08-4721-BC30-D4D26021FB0D}.Release|Win32.ActiveCfg = Release|Win32
		{5B108A11-CB08-4721-BC30-D4D26021FB0D}.Release|Win32.Build.0 = Release|Win32
		{B259EF87-69B0-4D22-9F9B-552ED1C28658}.Debug|Win32.ActiveCfg = Debug|Win32
		{B259EF87-69B0-4D22-9F9B-552ED1C28658}.Debug|Win32.Build.0 = Debug|Win32
		{B259EF87-69B0-4D22-9F9B-552ED1C28658}.Release|Win32.ActiveCfg = Release|Win32
		{B259EF87-69B0-4D22-9F9B-552ED1C28658}.Release|Win32.Build.0 = Release|Win32
		{5BC0B087-8F3A-4737-8453-056FAAE2CF3E}.Debug|Win32.ActiveCfg = Debug|Win32
		{5BC0B087-8F3A-4737-8453-056FAAE2CF3E}.Debug|Win32.Build.0 = Debug|Win32
		{5BC0B087-8F3A-4737-8453-056FAAE2CF3E}.Release|Win32.ActiveCfg = Release|Win32
		{5BC0B087-8F3A-4737-8453-056FAAE2CF3E}.Release|Win32.Build.0 = Release|Win32
		{88DB5C8A-DF08-4CA5-8147-3BB2F9AC1B44}.Debug|Win32.ActiveCfg = Debug|Win32
		{88DB5C8A-DF08-4CA5-8147-3BB2F9AC1B44}.Debug|Win32.Build.0 = Debug|Win32
		{88DB5C8A-DF08-4CA5-8147-3BB2F9AC1B44}.Release|Win32.ActiveCfg = Release|Win32
		{88DB5C8A-DF08-4CA5-8147-3BB2F9AC1B44}.Release|Win32.Build.0 = Release|Win32
		{7AB9E23C-71E7-4CED-A25D-E0900B198C80}.Debug|Win32.ActiveCfg = Debug|Win32
		{7AB9E23C-71E7-4CED-A25D-E0900B198C80}.Debug|Win32.Build.0 = Debug|Win32
		{7AB9E23C-71E7-4CED-A25D-E0900B198C80}.Release|Win32.ActiveCfg = Release|Win32
		{7AB9E23C-71E7-4CED-A25D-E0900B198C80}.Release|Win32.Build.0 = Release|Win32
		{AF3A83DF-2A0D-4003-826C-CDDC160A4EDF}.Debug|Win32.ActiveCfg = Debug|Win32
		{AF3A83DF-2A0D-4003-826C-CDDC160A4EDF}.Debug|Win32.Build.0 = Debug|Win32
		{AF3A83DF-2A0D-4003-826C-CDDC160A4EDF}.Release|Win32.ActiveCfg = Release|Win32
		{AF3A83DF-2A0D-4003-826C-CDDC160A4EDF}.Release|Win32.Build.0 = Release|Win32
		{CE65CF38-934A-4047-B1DF-D7C3F8B40720}.Debug|Win32.ActiveCfg = Debug|Win32
		{CE65CF38-934A-4047-B1DF-D7C3F8B40720}.Debug|Win32.Build.0 = Debug|Win32
		{CE65CF38-934A-4047-B1DF-D7C3F8B40720}.Release|Win32.ActiveCfg = Release|Win32
		{CE65CF38-934A-4047-B1DF-D7C3F8B40720}.Release|Win32.Build.0 = Release|Win32
		{8B6E2148-8156-466B-8707-75801441D558}.Debug|Win32.ActiveCfg = Debug|Win32
		{8B6E2148-8156-466B-8707-75801441D558}.Debug|Win32.Build.0 = Debug|Win32
		{8B6E2148-8156-466B-8707-75801441D558}.Release|Win32.ActiveCfg = Release|Win32
		{8B6E2148-8156-466B-8707-75801441D558}.Release|Win32.Build.0 = Release|Win32
		{892E4237-0F67-4CD4-A2BD-95DCE272AECD}.Debug|Win32.ActiveCfg = Debug|Win32
		{892E4237-0F67-4CD4-A2BD-95DCE272AECD}.Debug|Win32.Build.0 = Debug|Win32
		{892E4237-0F67-4CD4-A2BD-95DCE272AECD}.Release|Win32.ActiveCfg = Release|Win32
		{892E4237-0F67-4CD4-A2BD-95DCE272AECD}.Release|Win32.Build.0 = Release|Win32
		{C175B4E4-4BED-4348-8D6F-96C6BADF6A1D}.Debug|Win32.ActiveCfg = Debug|Win32
		{C175B4E4-4BED-4348-8D6F-96C6BADF6A1D}.Debug|Win32.Build.0 = Debug|Win32
		{C175B4E4-4BED-4348-8D6F-96C6BADF6A1D}.Release|Win32.ActiveCfg = Release|Win32
		{C175B4E4-4BED-4348-8D6F-96C6BADF6A1D}.Release|Win32.Build.0 = Release|Win32
		{72CE0567-149D-4FB2-8ABE-FD3A3F2C2163}.Debug|Win32.ActiveCfg = Debug|Win32
		{72CE0567-149D-4FB2-8ABE-FD3A3F2C2163}.Debug|Win32.Build.0 = Debug|Win32
		{72CE0567-149D-4FB2-8ABE-FD3A3F2C2163}.Release|Win32.ActiveCfg = Release|Win32
		{72CE0567-149D-4FB2-8ABE-FD3A3F2C2163}.Release|Win32.Build.0 = Release|Win32
		{A30A450A-FF2C-40D9-B874-0BAB220177E2}.Debug|Win32.ActiveCfg = Debug|Win32
		{A30A450A-FF2C-40D9-B874-0BAB220177E2}.Debug|Win32.Build.0 = Debug|Win32
		{A30A450A-FF2C-40D9-B874-0BAB220177E2}.Release|Win32.ActiveCfg = Release|Win32
		{A30A450A-FF2C-40D9-B874-0BAB220177E2}.Release|Win32.Build.0 = Release|Win32
		{836C66B8-8F72-4820-9943-FF9BD31D7FBA}.Debug|Win32.ActiveCfg = Debug|Win32
		{836C66B8-8F72-4820-9943-FF9BD31D7FBA}.Debug|Win32.Build.0 = Debug|Win32
		{836C66B8-8F72-4820-9943-FF9BD31D7FBA}.Release|Win32.ActiveCfg = Release|Win32
		{836C66B8-8F72-4820-9943-FF9BD31D7FBA}.Release|Win32.Build.0 = Release|Win32
		{A46026F2-9B19-460D-8CF4-9B06C2FF32BB}.Debug|Win32.ActiveCfg = Debug|Win32
		{A46026F2-9B19-460D-8CF4-9B06C2FF32BB}.Debug|Win32.Build.0 = Debug|Win32
		{A46026F2-9B19-460D-8CF4-9B06C2FF32BB}.Release|Win32.ActiveCfg = Release|Win32
		{A46026F2-9B19-460D-8CF4-9B06C2FF32BB}.Release|Win32.Build.0 = Release|Win32
		{2DE9E894-40F1-4F6D-8068-058441538EBF}.Debug|Win32.ActiveCfg = Debug|Win32
		{2DE9E894-40F1-4F6D-8068-058441538EBF}.Debug|Win32.Build.0 = Debug|Win32
		{2DE9E894-40F1-4F6D-8068-058441538EBF}.Release|Win32.ActiveCfg = Release|Win32
		{2DE9E894-40F1-4F6D-8068-058441538EBF}.Release|Win32.Build.0 = Release|Win32
		{FF4C9A2A-D90A-4E55-9DEA-2E0F775E5C39}.Debug|Win32.ActiveCfg = Debug|Win32
		{FF4C9A2A-D90A-4E55-9DEA-2E0F775E5C39}.Debug|Win32.Build.0 = Debug|Win32
		{FF4C9A2A-D90A-4E55-9DEA-2E0F775E5C39}.Release|Win32.ActiveCfg = Release|Win32
		{FF4C9A2A-D90A-4E55-9DEA-2E0F775E5C39}.Release|Win32.Build.0 = Release|Win32
		{F15F22E1-99AF-4C5C-A47F-E1D409FA8978}.Debug|Win32.ActiveCfg = Debug|Win32
		{F15F22E1-99AF-4C5C-A47F-E1D409FA8978}.Debug|Win32.Build.0 = Debug|Win32
		{F15F22E1-99AF-4C5C-A47F-E1D409FA8978}.Release|Win32.ActiveCfg = Release|Win32
		{F15F22E1-99AF-4C5C-A47F-E1D409FA8978}.Release|Win32.Build.0 = Release|Win32
		{CCA4D751-81BB-4415-B969-44890EEF10D1}.Debug|Win32.ActiveCfg = Debug|Win32
		{CCA4D751-81BB-4415-B969-44890EEF10D1}.Debug|Win32.Build.0 = Debug|Win32
		{CCA4D751-81BB-4415-B969-44890EEF10D1}.Release|Win32.ActiveCfg = Release|Win32
		{CCA4D751-81BB-4415-B969-44890EEF10D1}.Release|Win32.Build.0 = Release|Win32
		{8A83D884-6B22-42CC-A1FA-0D6F550C2A73}.Debug|Win32.ActiveCfg = Debug|Win32
		{8A83D884-6B22-42CC-A1FA-0D6F550C2A73}.Debug|Win32.Build.0 = Debug|Win32
		{8A83D884-6B22-42CC-A1FA-0D6F550C2A73}.Release|Win32.ActiveCfg = Release|Win32
		{8A83D884-6B22-42CC-A1FA-0D6F550C2A73}.Release|Win32.Build.0 = Release|Win32
		{5D642C49-FE6A-4EDB-924F-F06E41AA2278}.Debug|Win32.ActiveCfg = Debug|Win32
		{5D642C49-FE6A-4EDB-924F-F06E41AA2278}.Debug|Win32.Build.0 = Debug|Win32
		{5D642C49-FE6A-4EDB-924F-F06E41AA2278}.Release|Win32.ActiveCfg = Release|Win32
		{5D642C49-FE6A-4EDB-924F-F06E41AA2278}.Release|Win32.Build.0 = Release|Win32
		{AE4155D1-2F80-4A5F-B4DA-0840B6082D01}.Debug|Win32.ActiveCfg = Debug|Win32
		{AE4155D1-2F80-4A5F-B4DA-0840B6082D01}.Debug|Win32.Build.0 = Debug|Win32
		{AE4155D1-2F80-4A5F-B4DA-0840B6082D01}.Release|Win32.ActiveCfg = Release|Win32
		{AE4155D1-2F80-4A5F-B4DA-0840B6082D01}.Release|Win32.Build.0 = Release|Win32
		{77770211-6EF8-42D0-96EF-BDE36B283316}.Debug|Win32.ActiveCfg = Debug|Win32
		{77770211-6EF8-42D0-96EF-BDE36B283316}.Debug|Win32.Build.0 = Debug|Win32
		{77770211-6EF8-42D0-96EF-BDE36B283316}.Release|Win32.ActiveCfg = Release|Win32
		{77770211-6EF8-42D0-96EF-BDE36B283316}.Release|Win32.Build.0 = Release|Win32
		{59F793E8-F8FE-4153-930D-A9C123D3686B}.Debug|Win32.ActiveCfg = Debug|Win32
		{59F793E8-F8FE-4153-930D-A9C123D3686B}.Debug|Win32.Build.0 = Debug|Win32
		{59F793E8-F8FE-4153-930D-A9C123D3686B}.Release|Win32.ActiveCfg = Release|Win32
		{59F793E8-F8FE-4153-930D-A9C123D3686B}.Release|Win32.Build.0 = Release|Win32
	EndGlobalSection
	GlobalSection(SolutionProperties) = preSolution
		HideSolutionNode = FALSE
	EndGlobalSection
EndGlobal
